
Microsoft Visual Studio Solution File, Format Version 12.00
# Visual Studio Version 17
VisualStudioVersion = 17.0.31903.59
MinimumVisualStudioVersion = 10.0.40219.1
Project("{2150E333-8FDC-42A3-9474-1A3956D46DE8}") = "Host", "Host", "{6E501335-CDBC-4B41-AE47-07684B2AB287}"
EndProject
Project("{9A19103F-16F7-4668-BE54-9A1E7A4F7556}") = "Auth", "Host\Auth\Auth.csproj", "{CC2BC517-1412-417F-A657-C78148B440AA}"
EndProject
Project("{9A19103F-16F7-4668-BE54-9A1E7A4F7556}") = "Till", "Host\Till\Till.csproj", "{63770B76-E1C0-4048-A7AB-B0458FCA6AF4}"
EndProject
Project("{2150E333-8FDC-42A3-9474-1A3956D46DE8}") = "Infrastructure", "Infrastructure", "{B029BECA-721F-4C20-8063-863E8F8F6978}"
EndProject
Project("{9A19103F-16F7-4668-BE54-9A1E7A4F7556}") = "Hub", "Host\Hub\Hub.csproj", "{871ABED2-A654-4407-B12F-FC01B18A7F75}"
	ProjectSection(ProjectDependencies) = postProject
		{83411B10-C8AB-4489-ADF6-7A66617E920A} = {83411B10-C8AB-4489-ADF6-7A66617E920A}
		{A958F485-0A53-4AAC-888D-F8336CE7DD6D} = {A958F485-0A53-4AAC-888D-F8336CE7DD6D}
	EndProjectSection
EndProject
Project("{2150E333-8FDC-42A3-9474-1A3956D46DE8}") = "Utility", "Utility", "{C15D9C1E-C389-4382-8166-0ADF64DE4EFB}"
EndProject
Project("{9A19103F-16F7-4668-BE54-9A1E7A4F7556}") = "CustomHTTP", "Utility\CustomHTTP\CustomHTTP.csproj", "{340F13AD-5C04-4A58-9039-F53675AF6902}"
EndProject
Project("{9A19103F-16F7-4668-BE54-9A1E7A4F7556}") = "Helpers", "Utility\Helpers\Helpers.csproj", "{A958F485-0A53-4AAC-888D-F8336CE7DD6D}"
EndProject
Project("{9A19103F-16F7-4668-BE54-9A1E7A4F7556}") = "Logger", "Utility\Logger\Logger.csproj", "{89240240-FEFD-4233-B6F7-372BCC606C4B}"
EndProject
Project("{2150E333-8FDC-42A3-9474-1A3956D46DE8}") = "Solution Items", "Solution Items", "{E0D51561-88DB-47C8-A691-B3DBE33F3F03}"
	ProjectSection(SolutionItems) = preProject
		docker-compose.yml = docker-compose.yml
	EndProjectSection
EndProject
Project("{2150E333-8FDC-42A3-9474-1A3956D46DE8}") = "AuthInfra", "AuthInfra", "{6C5A6203-C645-4F5C-B56D-B655C053F8CD}"
EndProject
Project("{2150E333-8FDC-42A3-9474-1A3956D46DE8}") = "StoreInfra", "StoreInfra", "{A0046348-0AE9-4BC4-AA9B-809703E4B50B}"
EndProject
Project("{2150E333-8FDC-42A3-9474-1A3956D46DE8}") = "HubInfra", "HubInfra", "{1B07160E-4015-4343-A625-0DA0BFFAC956}"
EndProject
Project("{9A19103F-16F7-4668-BE54-9A1E7A4F7556}") = "BS", "Infrastructure\AuthInfra\BS\BS.csproj", "{A99F0382-8CDC-4B00-A588-0C1D173E7B92}"
EndProject
Project("{9A19103F-16F7-4668-BE54-9A1E7A4F7556}") = "DA", "Infrastructure\AuthInfra\DA\DA.csproj", "{A2EFD55D-7A1A-4624-B510-33B3F51899BC}"
EndProject
Project("{9A19103F-16F7-4668-BE54-9A1E7A4F7556}") = "DM", "Infrastructure\AuthInfra\DM\DM.csproj", "{538683EA-1C3B-490D-ACFF-943FBE153B41}"
EndProject
Project("{9A19103F-16F7-4668-BE54-9A1E7A4F7556}") = "BS", "Infrastructure\HubInfra\BS\BS.csproj", "{83411B10-C8AB-4489-ADF6-7A66617E920A}"
EndProject
Project("{9A19103F-16F7-4668-BE54-9A1E7A4F7556}") = "DA", "Infrastructure\HubInfra\DA\DA.csproj", "{DD841000-3F30-40A9-B0B1-FA9017EAA22D}"
EndProject
Project("{9A19103F-16F7-4668-BE54-9A1E7A4F7556}") = "DM", "Infrastructure\HubInfra\DM\DM.csproj", "{960092C9-A9E4-4600-852E-BD1BB72B3A3F}"
EndProject
Project("{9A19103F-16F7-4668-BE54-9A1E7A4F7556}") = "BS", "Infrastructure\StoreInfra\BS\BS.csproj", "{9AC3A2C4-E04C-4FBE-961B-9BF6F14AAFFE}"
EndProject
Project("{9A19103F-16F7-4668-BE54-9A1E7A4F7556}") = "DA", "Infrastructure\StoreInfra\DA\DA.csproj", "{80F143C0-77CD-4955-88BE-BFC7DC539F53}"
EndProject
Project("{9A19103F-16F7-4668-BE54-9A1E7A4F7556}") = "DM", "Infrastructure\StoreInfra\DM\DM.csproj", "{6C2287DA-5C9B-4C3B-9EFD-6E4BFC8B5ADC}"
EndProject
Project("{9A19103F-16F7-4668-BE54-9A1E7A4F7556}") = "EndpointGRPC", "Utility\EndpointExposerGRPC\EndpointGRPC.csproj", "{98F4F05F-B6D0-44D8-B1B2-7CFF2E28197D}"
EndProject
Project("{9A19103F-16F7-4668-BE54-9A1E7A4F7556}") = "UserActivity", "UserActivity\UserActivity.csproj", "{058CBC14-07E1-473D-9DF8-EB81A6495B16}"
EndProject
Project("{2150E333-8FDC-42A3-9474-1A3956D46DE8}") = "UnitTests", "UnitTests", "{5A42174A-2924-4142-A46A-FAA83AA5DA1A}"
EndProject
Project("{2150E333-8FDC-42A3-9474-1A3956D46DE8}") = "Protos", "Protos", "{43D1068B-DED0-4CA9-B31F-C82EE83B5C74}"
	ProjectSection(SolutionItems) = preProject
		Protos\ActionExposed.proto = Protos\ActionExposed.proto
	EndProjectSection
EndProject
Project("{9A19103F-16F7-4668-BE54-9A1E7A4F7556}") = "Till.Test", "UnitTests\Till.Test\Till.Test.csproj", "{D9D29EAA-CEE7-4058-BF45-8410F2AC4A8A}"
EndProject
Project("{9A19103F-16F7-4668-BE54-9A1E7A4F7556}") = "NATSNotificationSystem", "NATSNotificationSystem\NATSNotificationSystem.csproj", "{AACA6AC2-720D-49C6-812C-34009966984B}"
EndProject
Project("{FAE04EC0-301F-11D3-BF4B-00C04F79EFBC}") = "SessionManager", "SessionManager\SessionManager.csproj", "{E49889F0-BC4E-43EB-84E6-CBF6AA89A71A}"
EndProject
Global
	GlobalSection(SolutionConfigurationPlatforms) = preSolution
		Debug|Any CPU = Debug|Any CPU
		Release|Any CPU = Release|Any CPU
	EndGlobalSection
	GlobalSection(ProjectConfigurationPlatforms) = postSolution
		{CC2BC517-1412-417F-A657-C78148B440AA}.Debug|Any CPU.ActiveCfg = Debug|Any CPU
		{CC2BC517-1412-417F-A657-C78148B440AA}.Debug|Any CPU.Build.0 = Debug|Any CPU
		{CC2BC517-1412-417F-A657-C78148B440AA}.Release|Any CPU.ActiveCfg = Release|Any CPU
		{CC2BC517-1412-417F-A657-C78148B440AA}.Release|Any CPU.Build.0 = Release|Any CPU
		{63770B76-E1C0-4048-A7AB-B0458FCA6AF4}.Debug|Any CPU.ActiveCfg = Debug|Any CPU
		{63770B76-E1C0-4048-A7AB-B0458FCA6AF4}.Debug|Any CPU.Build.0 = Debug|Any CPU
		{63770B76-E1C0-4048-A7AB-B0458FCA6AF4}.Release|Any CPU.ActiveCfg = Release|Any CPU
		{63770B76-E1C0-4048-A7AB-B0458FCA6AF4}.Release|Any CPU.Build.0 = Release|Any CPU
		{871ABED2-A654-4407-B12F-FC01B18A7F75}.Debug|Any CPU.ActiveCfg = Debug|Any CPU
		{871ABED2-A654-4407-B12F-FC01B18A7F75}.Debug|Any CPU.Build.0 = Debug|Any CPU
		{871ABED2-A654-4407-B12F-FC01B18A7F75}.Release|Any CPU.ActiveCfg = Release|Any CPU
		{871ABED2-A654-4407-B12F-FC01B18A7F75}.Release|Any CPU.Build.0 = Release|Any CPU
		{340F13AD-5C04-4A58-9039-F53675AF6902}.Debug|Any CPU.ActiveCfg = Debug|Any CPU
		{340F13AD-5C04-4A58-9039-F53675AF6902}.Debug|Any CPU.Build.0 = Debug|Any CPU
		{340F13AD-5C04-4A58-9039-F53675AF6902}.Release|Any CPU.ActiveCfg = Release|Any CPU
		{340F13AD-5C04-4A58-9039-F53675AF6902}.Release|Any CPU.Build.0 = Release|Any CPU
		{A958F485-0A53-4AAC-888D-F8336CE7DD6D}.Debug|Any CPU.ActiveCfg = Debug|Any CPU
		{A958F485-0A53-4AAC-888D-F8336CE7DD6D}.Debug|Any CPU.Build.0 = Debug|Any CPU
		{A958F485-0A53-4AAC-888D-F8336CE7DD6D}.Release|Any CPU.ActiveCfg = Release|Any CPU
		{A958F485-0A53-4AAC-888D-F8336CE7DD6D}.Release|Any CPU.Build.0 = Release|Any CPU
		{89240240-FEFD-4233-B6F7-372BCC606C4B}.Debug|Any CPU.ActiveCfg = Debug|Any CPU
		{89240240-FEFD-4233-B6F7-372BCC606C4B}.Debug|Any CPU.Build.0 = Debug|Any CPU
		{89240240-FEFD-4233-B6F7-372BCC606C4B}.Release|Any CPU.ActiveCfg = Release|Any CPU
		{89240240-FEFD-4233-B6F7-372BCC606C4B}.Release|Any CPU.Build.0 = Release|Any CPU
		{A99F0382-8CDC-4B00-A588-0C1D173E7B92}.Debug|Any CPU.ActiveCfg = Debug|Any CPU
		{A99F0382-8CDC-4B00-A588-0C1D173E7B92}.Debug|Any CPU.Build.0 = Debug|Any CPU
		{A99F0382-8CDC-4B00-A588-0C1D173E7B92}.Release|Any CPU.ActiveCfg = Release|Any CPU
		{A99F0382-8CDC-4B00-A588-0C1D173E7B92}.Release|Any CPU.Build.0 = Release|Any CPU
		{A2EFD55D-7A1A-4624-B510-33B3F51899BC}.Debug|Any CPU.ActiveCfg = Debug|Any CPU
		{A2EFD55D-7A1A-4624-B510-33B3F51899BC}.Debug|Any CPU.Build.0 = Debug|Any CPU
		{A2EFD55D-7A1A-4624-B510-33B3F51899BC}.Release|Any CPU.ActiveCfg = Release|Any CPU
		{A2EFD55D-7A1A-4624-B510-33B3F51899BC}.Release|Any CPU.Build.0 = Release|Any CPU
		{538683EA-1C3B-490D-ACFF-943FBE153B41}.Debug|Any CPU.ActiveCfg = Debug|Any CPU
		{538683EA-1C3B-490D-ACFF-943FBE153B41}.Debug|Any CPU.Build.0 = Debug|Any CPU
		{538683EA-1C3B-490D-ACFF-943FBE153B41}.Release|Any CPU.ActiveCfg = Release|Any CPU
		{538683EA-1C3B-490D-ACFF-943FBE153B41}.Release|Any CPU.Build.0 = Release|Any CPU
		{83411B10-C8AB-4489-ADF6-7A66617E920A}.Debug|Any CPU.ActiveCfg = Debug|Any CPU
		{83411B10-C8AB-4489-ADF6-7A66617E920A}.Debug|Any CPU.Build.0 = Debug|Any CPU
		{83411B10-C8AB-4489-ADF6-7A66617E920A}.Release|Any CPU.ActiveCfg = Release|Any CPU
		{83411B10-C8AB-4489-ADF6-7A66617E920A}.Release|Any CPU.Build.0 = Release|Any CPU
		{DD841000-3F30-40A9-B0B1-FA9017EAA22D}.Debug|Any CPU.ActiveCfg = Debug|Any CPU
		{DD841000-3F30-40A9-B0B1-FA9017EAA22D}.Debug|Any CPU.Build.0 = Debug|Any CPU
		{DD841000-3F30-40A9-B0B1-FA9017EAA22D}.Release|Any CPU.ActiveCfg = Release|Any CPU
		{DD841000-3F30-40A9-B0B1-FA9017EAA22D}.Release|Any CPU.Build.0 = Release|Any CPU
		{960092C9-A9E4-4600-852E-BD1BB72B3A3F}.Debug|Any CPU.ActiveCfg = Debug|Any CPU
		{960092C9-A9E4-4600-852E-BD1BB72B3A3F}.Debug|Any CPU.Build.0 = Debug|Any CPU
		{960092C9-A9E4-4600-852E-BD1BB72B3A3F}.Release|Any CPU.ActiveCfg = Release|Any CPU
		{960092C9-A9E4-4600-852E-BD1BB72B3A3F}.Release|Any CPU.Build.0 = Release|Any CPU
		{9AC3A2C4-E04C-4FBE-961B-9BF6F14AAFFE}.Debug|Any CPU.ActiveCfg = Debug|Any CPU
		{9AC3A2C4-E04C-4FBE-961B-9BF6F14AAFFE}.Debug|Any CPU.Build.0 = Debug|Any CPU
		{9AC3A2C4-E04C-4FBE-961B-9BF6F14AAFFE}.Release|Any CPU.ActiveCfg = Release|Any CPU
		{9AC3A2C4-E04C-4FBE-961B-9BF6F14AAFFE}.Release|Any CPU.Build.0 = Release|Any CPU
		{80F143C0-77CD-4955-88BE-BFC7DC539F53}.Debug|Any CPU.ActiveCfg = Debug|Any CPU
		{80F143C0-77CD-4955-88BE-BFC7DC539F53}.Debug|Any CPU.Build.0 = Debug|Any CPU
		{80F143C0-77CD-4955-88BE-BFC7DC539F53}.Release|Any CPU.ActiveCfg = Release|Any CPU
		{80F143C0-77CD-4955-88BE-BFC7DC539F53}.Release|Any CPU.Build.0 = Release|Any CPU
		{6C2287DA-5C9B-4C3B-9EFD-6E4BFC8B5ADC}.Debug|Any CPU.ActiveCfg = Debug|Any CPU
		{6C2287DA-5C9B-4C3B-9EFD-6E4BFC8B5ADC}.Debug|Any CPU.Build.0 = Debug|Any CPU
		{6C2287DA-5C9B-4C3B-9EFD-6E4BFC8B5ADC}.Release|Any CPU.ActiveCfg = Release|Any CPU
		{6C2287DA-5C9B-4C3B-9EFD-6E4BFC8B5ADC}.Release|Any CPU.Build.0 = Release|Any CPU
		{98F4F05F-B6D0-44D8-B1B2-7CFF2E28197D}.Debug|Any CPU.ActiveCfg = Debug|Any CPU
		{98F4F05F-B6D0-44D8-B1B2-7CFF2E28197D}.Debug|Any CPU.Build.0 = Debug|Any CPU
		{98F4F05F-B6D0-44D8-B1B2-7CFF2E28197D}.Release|Any CPU.ActiveCfg = Release|Any CPU
		{98F4F05F-B6D0-44D8-B1B2-7CFF2E28197D}.Release|Any CPU.Build.0 = Release|Any CPU
		{058CBC14-07E1-473D-9DF8-EB81A6495B16}.Debug|Any CPU.ActiveCfg = Debug|Any CPU
		{058CBC14-07E1-473D-9DF8-EB81A6495B16}.Debug|Any CPU.Build.0 = Debug|Any CPU
		{058CBC14-07E1-473D-9DF8-EB81A6495B16}.Release|Any CPU.ActiveCfg = Release|Any CPU
		{058CBC14-07E1-473D-9DF8-EB81A6495B16}.Release|Any CPU.Build.0 = Release|Any CPU
		{D9D29EAA-CEE7-4058-BF45-8410F2AC4A8A}.Debug|Any CPU.ActiveCfg = Debug|Any CPU
		{D9D29EAA-CEE7-4058-BF45-8410F2AC4A8A}.Debug|Any CPU.Build.0 = Debug|Any CPU
		{D9D29EAA-CEE7-4058-BF45-8410F2AC4A8A}.Release|Any CPU.ActiveCfg = Release|Any CPU
		{D9D29EAA-CEE7-4058-BF45-8410F2AC4A8A}.Release|Any CPU.Build.0 = Release|Any CPU
		{AACA6AC2-720D-49C6-812C-34009966984B}.Debug|Any CPU.ActiveCfg = Debug|Any CPU
		{AACA6AC2-720D-49C6-812C-34009966984B}.Debug|Any CPU.Build.0 = Debug|Any CPU
		{AACA6AC2-720D-49C6-812C-34009966984B}.Release|Any CPU.ActiveCfg = Release|Any CPU
		{AACA6AC2-720D-49C6-812C-34009966984B}.Release|Any CPU.Build.0 = Release|Any CPU
		{E49889F0-BC4E-43EB-84E6-CBF6AA89A71A}.Debug|Any CPU.ActiveCfg = Debug|Any CPU
		{E49889F0-BC4E-43EB-84E6-CBF6AA89A71A}.Debug|Any CPU.Build.0 = Debug|Any CPU
		{E49889F0-BC4E-43EB-84E6-CBF6AA89A71A}.Release|Any CPU.ActiveCfg = Release|Any CPU
		{E49889F0-BC4E-43EB-84E6-CBF6AA89A71A}.Release|Any CPU.Build.0 = Release|Any CPU
	EndGlobalSection
	GlobalSection(SolutionProperties) = preSolution
		HideSolutionNode = FALSE
	EndGlobalSection
	GlobalSection(NestedProjects) = preSolution
		{CC2BC517-1412-417F-A657-C78148B440AA} = {6E501335-CDBC-4B41-AE47-07684B2AB287}
		{63770B76-E1C0-4048-A7AB-B0458FCA6AF4} = {6E501335-CDBC-4B41-AE47-07684B2AB287}
		{871ABED2-A654-4407-B12F-FC01B18A7F75} = {6E501335-CDBC-4B41-AE47-07684B2AB287}
		{340F13AD-5C04-4A58-9039-F53675AF6902} = {C15D9C1E-C389-4382-8166-0ADF64DE4EFB}
		{A958F485-0A53-4AAC-888D-F8336CE7DD6D} = {C15D9C1E-C389-4382-8166-0ADF64DE4EFB}
		{89240240-FEFD-4233-B6F7-372BCC606C4B} = {C15D9C1E-C389-4382-8166-0ADF64DE4EFB}
		{6C5A6203-C645-4F5C-B56D-B655C053F8CD} = {B029BECA-721F-4C20-8063-863E8F8F6978}
		{A0046348-0AE9-4BC4-AA9B-809703E4B50B} = {B029BECA-721F-4C20-8063-863E8F8F6978}
		{1B07160E-4015-4343-A625-0DA0BFFAC956} = {B029BECA-721F-4C20-8063-863E8F8F6978}
		{A99F0382-8CDC-4B00-A588-0C1D173E7B92} = {6C5A6203-C645-4F5C-B56D-B655C053F8CD}
		{A2EFD55D-7A1A-4624-B510-33B3F51899BC} = {6C5A6203-C645-4F5C-B56D-B655C053F8CD}
		{538683EA-1C3B-490D-ACFF-943FBE153B41} = {6C5A6203-C645-4F5C-B56D-B655C053F8CD}
		{83411B10-C8AB-4489-ADF6-7A66617E920A} = {1B07160E-4015-4343-A625-0DA0BFFAC956}
		{DD841000-3F30-40A9-B0B1-FA9017EAA22D} = {1B07160E-4015-4343-A625-0DA0BFFAC956}
		{960092C9-A9E4-4600-852E-BD1BB72B3A3F} = {1B07160E-4015-4343-A625-0DA0BFFAC956}
		{9AC3A2C4-E04C-4FBE-961B-9BF6F14AAFFE} = {A0046348-0AE9-4BC4-AA9B-809703E4B50B}
		{80F143C0-77CD-4955-88BE-BFC7DC539F53} = {A0046348-0AE9-4BC4-AA9B-809703E4B50B}
		{6C2287DA-5C9B-4C3B-9EFD-6E4BFC8B5ADC} = {A0046348-0AE9-4BC4-AA9B-809703E4B50B}
		{98F4F05F-B6D0-44D8-B1B2-7CFF2E28197D} = {C15D9C1E-C389-4382-8166-0ADF64DE4EFB}
		{058CBC14-07E1-473D-9DF8-EB81A6495B16} = {C15D9C1E-C389-4382-8166-0ADF64DE4EFB}
		{D9D29EAA-CEE7-4058-BF45-8410F2AC4A8A} = {5A42174A-2924-4142-A46A-FAA83AA5DA1A}
		{AACA6AC2-720D-49C6-812C-34009966984B} = {C15D9C1E-C389-4382-8166-0ADF64DE4EFB}
		{E49889F0-BC4E-43EB-84E6-CBF6AA89A71A} = {C15D9C1E-C389-4382-8166-0ADF64DE4EFB}
	EndGlobalSection
	GlobalSection(ExtensibilityGlobals) = postSolution
		SolutionGuid = {FDBB5A72-8894-422F-AE01-5D42AF7B7EAD}
	EndGlobalSection
EndGlobal
